Microsoft Visual Studio Solution File, Format Version 11.00
# Visual Studio 2008

Project("{D922CFD6-78E2-23BE-3666-F454AB0B33C4}") = "Final Test", "Assembly-CSharp.csproj", "{60FEEC8A-36BC-4275-44DD-0F13F27B9742}"
EndProject
Global
	GlobalSection(SolutionConfigurationPlatforms) = preSolution
		Debug|Any CPU = Debug|Any CPU
		Release|Any CPU = Release|Any CPU
	EndGlobalSection
	GlobalSection(ProjectConfigurationPlatforms) = postSolution
		{60FEEC8A-36BC-4275-44DD-0F13F27B9742}.Debug|Any CPU.ActiveCfg = Debug|Any CPU
		{60FEEC8A-36BC-4275-44DD-0F13F27B9742}.Debug|Any CPU.Build.0 = Debug|Any CPU
		{60FEEC8A-36BC-4275-44DD-0F13F27B9742}.Release|Any CPU.ActiveCfg = Release|Any CPU
		{60FEEC8A-36BC-4275-44DD-0F13F27B9742}.Release|Any CPU.Build.0 = Release|Any CPU
	EndGlobalSection
	GlobalSection(SolutionProperties) = preSolution
		HideSolutionNode = FALSE
	EndGlobalSection
	GlobalSection(MonoDevelopProperties) = preSolution
		StartupItem = Assembly-CSharp.csproj
	EndGlobalSection
EndGlobal
